schema: '2.0'
stages:
  split_data:
    cmd: python src/stage_02_split_data.py --config=config/config.yaml --params=params.yaml
    deps:
    - path: config/config.yaml
      md5: 233c454814538a63f0d34d522b698c82
      size: 281
    - path: src/stage_02_split_data.py
      md5: 9ad8a9d5ef1d65a1c7626ed5897a6766
      size: 1842
    - path: src/utils/all_utils.py
      md5: 67e74d9b81314fb2ed58e83e64d8dcc8
      size: 488
    params:
      params.yaml:
        base.random_state: 43
        base.test_size: 0.3
    outs:
    - path: artifacts/split_data_dir/test.csv
      md5: 2234775402fc50bcee60bfbfd1cfb1d5
      size: 28263
    - path: artifacts/split_data_dir/train.csv
      md5: e683c1d146b604dc7ac3a46cfcc079c4
      size: 65483
  load_data:
    cmd: python src/stage_01_load_save.py --config=config/config.yaml
    deps:
    - path: config/config.yaml
      md5: 233c454814538a63f0d34d522b698c82
      size: 281
    - path: src/stage_01_load_save.py
      md5: 16deb874c3df191fb1330c63da2e6584
      size: 1063
    - path: src/utils/all_utils.py
      md5: 67e74d9b81314fb2ed58e83e64d8dcc8
      size: 488
    outs:
    - path: artifacts/raw_local_dir/data.csv
      md5: 7d814a1bda02145efe703f4e1c01847a
      size: 93599
